
Microsoft Visual Studio Solution File, Format Version 12.00
# Visual Studio Version 16
VisualStudioVersion = 16.0.32901.82
MinimumVisualStudioVersion = 10.0.40219.1
Project("{F184B08F-C81C-45F6-A57F-5ABD9991F28F}") = "PFFT", "PFFT.vbproj", "{850EA21F-FD10-46DA-A8D5-D8C3FCD0C900}"
EndProject
Global
	GlobalSection(SolutionConfigurationPlatforms) = preSolution
		Debug|Any CPU = Debug|Any CPU
		Release|Any CPU = Release|Any CPU
	EndGlobalSection
	GlobalSection(ProjectConfigurationPlatforms) = postSolution
		{850EA21F-FD10-46DA-A8D5-D8C3FCD0C900}.Debug|Any CPU.ActiveCfg = Debug|Any CPU
		{850EA21F-FD10-46DA-A8D5-D8C3FCD0C900}.Debug|Any CPU.Build.0 = Debug|Any CPU
		{850EA21F-FD10-46DA-A8D5-D8C3FCD0C900}.Release|Any CPU.ActiveCfg = Release|Any CPU
		{850EA21F-FD10-46DA-A8D5-D8C3FCD0C900}.Release|Any CPU.Build.0 = Release|Any CPU
	EndGlobalSection
	GlobalSection(SolutionProperties) = preSolution
		HideSolutionNode = FALSE
	EndGlobalSection
	GlobalSection(ExtensibilityGlobals) = postSolution
		SolutionGuid = {A9DDE64E-909F-4B7C-A3EB-55329C41DCC3}
	EndGlobalSection
EndGlobal
